Microsoft Visual Studio Solution File, Format Version 12.00
# Visual Studio Version 17
VisualStudioVersion = 17.13.35818.85
MinimumVisualStudioVersion = 10.0.40219.1
Project("{FAE04EC0-301F-11D3-BF4B-00C04F79EFBC}") = "DotNetPracticeCode", "DotNetPracticeCode.csproj", "{1D2392A2-6C84-42A3-80B2-FA49466A2DA8}"
EndProject
Global
	GlobalSection(SolutionConfigurationPlatforms) = preSolution
		Debug|Any CPU = Debug|Any CPU
		Release|Any CPU = Release|Any CPU
	EndGlobalSection
	GlobalSection(ProjectConfigurationPlatforms) = postSolution
		{1D2392A2-6C84-42A3-80B2-FA49466A2DA8}.Debug|Any CPU.ActiveCfg = Debug|Any CPU
		{1D2392A2-6C84-42A3-80B2-FA49466A2DA8}.Debug|Any CPU.Build.0 = Debug|Any CPU
		{1D2392A2-6C84-42A3-80B2-FA49466A2DA8}.Release|Any CPU.ActiveCfg = Release|Any CPU
		{1D2392A2-6C84-42A3-80B2-FA49466A2DA8}.Release|Any CPU.Build.0 = Release|Any CPU
	EndGlobalSection
	GlobalSection(SolutionProperties) = preSolution
		HideSolutionNode = FALSE
	EndGlobalSection
	GlobalSection(ExtensibilityGlobals) = postSolution
		SolutionGuid = {7577DFCB-1E8F-41C1-AD06-311B077AFDF6}
	EndGlobalSection
EndGlobal
